
Microsoft Visual Studio Solution File, Format Version 12.00
# Visual Studio Version 16
VisualStudioVersion = 16.0.30320.27
MinimumVisualStudioVersion = 10.0.40219.1
Project("{2150E333-8FDC-42A3-9474-1A3956D46DE8}") = "Services", "Services", "{9A98CE21-45C0-4CEF-BE74-394FC1E87BD1}"
EndProject
Project("{2150E333-8FDC-42A3-9474-1A3956D46DE8}") = "WebApps", "WebApps", "{7BDDE15E-20C7-4A50-90E6-78AD5774CD96}"
EndProject
Project("{2150E333-8FDC-42A3-9474-1A3956D46DE8}") = "Cadastros", "Cadastros", "{C3D57DE5-F2F1-4B7D-BC31-4AB812CEA527}"
EndProject
Project("{2150E333-8FDC-42A3-9474-1A3956D46DE8}") = "Catalogo", "Catalogo", "{02CCDDA6-18C5-4898-AFD0-4B4382BA92FB}"
EndProject
Project("{2150E333-8FDC-42A3-9474-1A3956D46DE8}") = "Core", "Core", "{B008FBB8-9453-45A3-8F8B-67699316DDEE}"
EndProject
Project("{2150E333-8FDC-42A3-9474-1A3956D46DE8}") = "Fiscal", "Fiscal", "{F2C0DB8D-8548-4A39-8F11-5046EBC4CB3C}"
EndProject
Project("{2150E333-8FDC-42A3-9474-1A3956D46DE8}") = "Pagamentos", "Pagamentos", "{7396AFBE-E13A-43A2-9B00-8D30D035FE95}"
EndProject
Project("{2150E333-8FDC-42A3-9474-1A3956D46DE8}") = "Vendas", "Vendas", "{DAC41835-2A4F-497F-8340-77B996113DDD}"
EndProject
Project("{9A19103F-16F7-4668-BE54-9A1E7A4F7556}") = "NerdStore.Catalogo.Domain", "src\NerdStore.Catalogo.Domain\NerdStore.Catalogo.Domain.csproj", "{72BFCA6E-8F2C-440C-9122-A3BDA664945C}"
EndProject
Project("{9A19103F-16F7-4668-BE54-9A1E7A4F7556}") = "NerdStore.Core", "src\NerdStore.Core\NerdStore.Core.csproj", "{36798F14-794A-4B5F-A030-4C630442C556}"
EndProject
Project("{2150E333-8FDC-42A3-9474-1A3956D46DE8}") = "Tests", "Tests", "{52EA4DCB-9F1D-4BE3-B9C5-AAC56B39725C}"
EndProject
Project("{9A19103F-16F7-4668-BE54-9A1E7A4F7556}") = "NerdStore.Catalogo.Domain.Tests", "tests\NerdStore.Catalogo.Domain.Tests\NerdStore.Catalogo.Domain.Tests.csproj", "{9D5036B5-D78B-43A8-A2D1-A9F2374DEC99}"
EndProject
Project("{9A19103F-16F7-4668-BE54-9A1E7A4F7556}") = "NerdStore.Catalogo.Data", "src\NerdStore.Catalogo.Data\NerdStore.Catalogo.Data.csproj", "{2F1F2E89-07AF-4644-B5FC-C217B548D352}"
EndProject
Project("{FAE04EC0-301F-11D3-BF4B-00C04F79EFBC}") = "NerdStore.Catalogo.Application", "src\NerdStore.Catalogo.Application\NerdStore.Catalogo.Application.csproj", "{4CB1EE41-8B9E-402D-B6D1-83ACD172B18B}"
EndProject
Global
	GlobalSection(SolutionConfigurationPlatforms) = preSolution
		Debug|Any CPU = Debug|Any CPU
		Release|Any CPU = Release|Any CPU
	EndGlobalSection
	GlobalSection(ProjectConfigurationPlatforms) = postSolution
		{72BFCA6E-8F2C-440C-9122-A3BDA664945C}.Debug|Any CPU.ActiveCfg = Debug|Any CPU
		{72BFCA6E-8F2C-440C-9122-A3BDA664945C}.Debug|Any CPU.Build.0 = Debug|Any CPU
		{72BFCA6E-8F2C-440C-9122-A3BDA664945C}.Release|Any CPU.ActiveCfg = Release|Any CPU
		{72BFCA6E-8F2C-440C-9122-A3BDA664945C}.Release|Any CPU.Build.0 = Release|Any CPU
		{36798F14-794A-4B5F-A030-4C630442C556}.Debug|Any CPU.ActiveCfg = Debug|Any CPU
		{36798F14-794A-4B5F-A030-4C630442C556}.Debug|Any CPU.Build.0 = Debug|Any CPU
		{36798F14-794A-4B5F-A030-4C630442C556}.Release|Any CPU.ActiveCfg = Release|Any CPU
		{36798F14-794A-4B5F-A030-4C630442C556}.Release|Any CPU.Build.0 = Release|Any CPU
		{9D5036B5-D78B-43A8-A2D1-A9F2374DEC99}.Debug|Any CPU.ActiveCfg = Debug|Any CPU
		{9D5036B5-D78B-43A8-A2D1-A9F2374DEC99}.Debug|Any CPU.Build.0 = Debug|Any CPU
		{9D5036B5-D78B-43A8-A2D1-A9F2374DEC99}.Release|Any CPU.ActiveCfg = Release|Any CPU
		{9D5036B5-D78B-43A8-A2D1-A9F2374DEC99}.Release|Any CPU.Build.0 = Release|Any CPU
		{2F1F2E89-07AF-4644-B5FC-C217B548D352}.Debug|Any CPU.ActiveCfg = Debug|Any CPU
		{2F1F2E89-07AF-4644-B5FC-C217B548D352}.Debug|Any CPU.Build.0 = Debug|Any CPU
		{2F1F2E89-07AF-4644-B5FC-C217B548D352}.Release|Any CPU.ActiveCfg = Release|Any CPU
		{2F1F2E89-07AF-4644-B5FC-C217B548D352}.Release|Any CPU.Build.0 = Release|Any CPU
		{4CB1EE41-8B9E-402D-B6D1-83ACD172B18B}.Debug|Any CPU.ActiveCfg = Debug|Any CPU
		{4CB1EE41-8B9E-402D-B6D1-83ACD172B18B}.Debug|Any CPU.Build.0 = Debug|Any CPU
		{4CB1EE41-8B9E-402D-B6D1-83ACD172B18B}.Release|Any CPU.ActiveCfg = Release|Any CPU
		{4CB1EE41-8B9E-402D-B6D1-83ACD172B18B}.Release|Any CPU.Build.0 = Release|Any CPU
	EndGlobalSection
	GlobalSection(SolutionProperties) = preSolution
		HideSolutionNode = FALSE
	EndGlobalSection
	GlobalSection(NestedProjects) = preSolution
		{C3D57DE5-F2F1-4B7D-BC31-4AB812CEA527} = {9A98CE21-45C0-4CEF-BE74-394FC1E87BD1}
		{02CCDDA6-18C5-4898-AFD0-4B4382BA92FB} = {9A98CE21-45C0-4CEF-BE74-394FC1E87BD1}
		{B008FBB8-9453-45A3-8F8B-67699316DDEE} = {9A98CE21-45C0-4CEF-BE74-394FC1E87BD1}
		{F2C0DB8D-8548-4A39-8F11-5046EBC4CB3C} = {9A98CE21-45C0-4CEF-BE74-394FC1E87BD1}
		{7396AFBE-E13A-43A2-9B00-8D30D035FE95} = {9A98CE21-45C0-4CEF-BE74-394FC1E87BD1}
		{DAC41835-2A4F-497F-8340-77B996113DDD} = {9A98CE21-45C0-4CEF-BE74-394FC1E87BD1}
		{72BFCA6E-8F2C-440C-9122-A3BDA664945C} = {02CCDDA6-18C5-4898-AFD0-4B4382BA92FB}
		{36798F14-794A-4B5F-A030-4C630442C556} = {B008FBB8-9453-45A3-8F8B-67699316DDEE}
		{52EA4DCB-9F1D-4BE3-B9C5-AAC56B39725C} = {02CCDDA6-18C5-4898-AFD0-4B4382BA92FB}
		{9D5036B5-D78B-43A8-A2D1-A9F2374DEC99} = {52EA4DCB-9F1D-4BE3-B9C5-AAC56B39725C}
		{2F1F2E89-07AF-4644-B5FC-C217B548D352} = {02CCDDA6-18C5-4898-AFD0-4B4382BA92FB}
		{4CB1EE41-8B9E-402D-B6D1-83ACD172B18B} = {02CCDDA6-18C5-4898-AFD0-4B4382BA92FB}
	EndGlobalSection
	GlobalSection(ExtensibilityGlobals) = postSolution
		SolutionGuid = {D1D21AA7-1B5D-450B-90FE-9785F28A8B58}
	EndGlobalSection
EndGlobal
